{
  "lockfile_version": "1",
  "packages": {
    "github:NixOS/nixpkgs/nixpkgs-unstable": {
      "last_modified": "2026-06-02T02:01:59Z",
      "resolved": "github:NixOS/nixpkgs/ffa10e26ae11d676b2db836259889f1f571cb14f?lastModified=1780365719&narHash=sha256-QfWfccTN%2B70ZQ4m2qlU9PiKfz2Yppq94058iJyARNwc%3D"
    },
    "swiftformat@0.55.5": {
      "last_modified": "2025-04-17T05:47:26Z",
      "resolved": "github:NixOS/nixpkgs/ebe4301cbd8f81c4f8d3244b3632338bbeb6d49c#swiftformat",
      "source": "devbox-search",
      "version": "0.55.5",
      "systems": {
        "aarch64-darwin": {
          "outputs": [
            {
              "name": "out",
              "path": "/nix/store/mz0nfbimqq632yrxby8rd5mcp4xx97kq-swiftformat-0.55.5",
              "default": true
            }
          ],
          "store_path": "/nix/store/mz0nfbimqq632yrxby8rd5mcp4xx97kq-swiftformat-0.55.5"
        },
        "aarch64-linux": {
          "outputs": [
            {
              "name": "out",
              "path": "/nix/store/7ffp00z77x1dqyq43lkx5rhng4203l9x-swiftformat-0.55.5",
              "default": true
            }
          ],
          "store_path": "/nix/store/7ffp00z77x1dqyq43lkx5rhng4203l9x-swiftformat-0.55.5"
        },
        "x86_64-darwin": {
          "outputs": [
            {
              "name": "out",
              "path": "/nix/store/rzz7sr2gcrdfrmpdvqhx4zlmil2xqvdz-swiftformat-0.55.5",
              "default": true
            }
          ],
          "store_path": "/nix/store/rzz7sr2gcrdfrmpdvqhx4zlmil2xqvdz-swiftformat-0.55.5"
        },
        "x86_64-linux": {
          "outputs": [
            {
              "name": "out",
              "path": "/nix/store/x4bmby92blk7lk09nk27gibir8hngkiv-swiftformat-0.55.5",
              "default": true
            }
          ],
          "store_path": "/nix/store/x4bmby92blk7lk09nk27gibir8hngkiv-swiftformat-0.55.5"
        }
      }
    }
  }
}
